
Microsoft Visual Studio Solution File, Format Version 12.00
# Visual Studio Version 17
VisualStudioVersion = 17.8.34601.278
MinimumVisualStudioVersion = 10.0.40219.1
Project("{9A19103F-16F7-4668-BE54-9A1E7A4F7556}") = "Ftp_Client", "Ftp_Client.csproj", "{701DDDC6-386A-462D-A149-FB766CCFD584}"
EndProject
Project("{FAE04EC0-301F-11D3-BF4B-00C04F79EFBC}") = "Ftp_Server", "..\Ftp_Server\Ftp_Server.csproj", "{EE87CE01-5E95-432B-9F98-BF2937E65A53}"
EndProject
Global
	GlobalSection(SolutionConfigurationPlatforms) = preSolution
		Debug|Any CPU = Debug|Any CPU
		Release|Any CPU = Release|Any CPU
	EndGlobalSection
	GlobalSection(ProjectConfigurationPlatforms) = postSolution
		{701DDDC6-386A-462D-A149-FB766CCFD584}.Debug|Any CPU.ActiveCfg = Debug|Any CPU
		{701DDDC6-386A-462D-A149-FB766CCFD584}.Debug|Any CPU.Build.0 = Debug|Any CPU
		{701DDDC6-386A-462D-A149-FB766CCFD584}.Release|Any CPU.ActiveCfg = Release|Any CPU
		{701DDDC6-386A-462D-A149-FB766CCFD584}.Release|Any CPU.Build.0 = Release|Any CPU
		{EE87CE01-5E95-432B-9F98-BF2937E65A53}.Debug|Any CPU.ActiveCfg = Debug|Any CPU
		{EE87CE01-5E95-432B-9F98-BF2937E65A53}.Debug|Any CPU.Build.0 = Debug|Any CPU
		{EE87CE01-5E95-432B-9F98-BF2937E65A53}.Release|Any CPU.ActiveCfg = Release|Any CPU
		{EE87CE01-5E95-432B-9F98-BF2937E65A53}.Release|Any CPU.Build.0 = Release|Any CPU
	EndGlobalSection
	GlobalSection(SolutionProperties) = preSolution
		HideSolutionNode = FALSE
	EndGlobalSection
	GlobalSection(ExtensibilityGlobals) = postSolution
		SolutionGuid = {32887ABD-A78A-4F25-871D-9B0CDC2A9BD6}
	EndGlobalSection
EndGlobal
